
Microsoft Visual Studio Solution File, Format Version 12.00
# Visual Studio Version 17
VisualStudioVersion = 17.9.34723.18
MinimumVisualStudioVersion = 10.0.40219.1
Project("{FAE04EC0-301F-11D3-BF4B-00C04F79EFBC}") = "VotarTestU", "VotarTestU\VotarTestU.csproj", "{B4E70A3D-8FD7-435D-B527-14AF56AF5796}"
EndProject
Project("{FAE04EC0-301F-11D3-BF4B-00C04F79EFBC}") = "VotarResult", "VotarResult\VotarResult.csproj", "{9047BECC-48B4-4329-89CA-218184CAAEB8}"
EndProject
Global
	GlobalSection(SolutionConfigurationPlatforms) = preSolution
		Debug|Any CPU = Debug|Any CPU
		Release|Any CPU = Release|Any CPU
	EndGlobalSection
	GlobalSection(ProjectConfigurationPlatforms) = postSolution
		{B4E70A3D-8FD7-435D-B527-14AF56AF5796}.Debug|Any CPU.ActiveCfg = Debug|Any CPU
		{B4E70A3D-8FD7-435D-B527-14AF56AF5796}.Debug|Any CPU.Build.0 = Debug|Any CPU
		{B4E70A3D-8FD7-435D-B527-14AF56AF5796}.Release|Any CPU.ActiveCfg = Release|Any CPU
		{B4E70A3D-8FD7-435D-B527-14AF56AF5796}.Release|Any CPU.Build.0 = Release|Any CPU
		{9047BECC-48B4-4329-89CA-218184CAAEB8}.Debug|Any CPU.ActiveCfg = Debug|Any CPU
		{9047BECC-48B4-4329-89CA-218184CAAEB8}.Debug|Any CPU.Build.0 = Debug|Any CPU
		{9047BECC-48B4-4329-89CA-218184CAAEB8}.Release|Any CPU.ActiveCfg = Release|Any CPU
		{9047BECC-48B4-4329-89CA-218184CAAEB8}.Release|Any CPU.Build.0 = Release|Any CPU
	EndGlobalSection
	GlobalSection(SolutionProperties) = preSolution
		HideSolutionNode = FALSE
	EndGlobalSection
	GlobalSection(ExtensibilityGlobals) = postSolution
		SolutionGuid = {8322ACE8-AD21-4030-8E11-353AC03D38EC}
	EndGlobalSection
EndGlobal
